// !$*UTF8*$!
{
	archiveVersion = 1;
	classes = {
	};
	objectVersion = 50;
	objects = {

/* Begin PBXBuildFile section */
		960096C820E8CC1600E58175 /* PopVC2.swift in Sources */ = {isa = PBXBuildFile; fileRef = 960096C720E8CC1600E58175 /* PopVC2.swift */; };
		9606C27F2024379E0035E51A /* ShadowImage.swift in Sources */ = {isa = PBXBuildFile; fileRef = 9606C27E2024379E0035E51A /* ShadowImage.swift */; };
		9607DDF22105BB7E00F329C7 /* LoadImages.swift in Sources */ = {isa = PBXBuildFile; fileRef = 9607DDF12105BB7E00F329C7 /* LoadImages.swift */; };
		960F889F201F4212006D8326 /* GoogleService-Info.plist in Resources */ = {isa = PBXBuildFile; fileRef = 960F889E201F4212006D8326 /* GoogleService-Info.plist */; };
		960F88A3201F4CDB006D8326 /* DataServices.swift in Sources */ = {isa = PBXBuildFile; fileRef = 960F88A2201F4CDB006D8326 /* DataServices.swift */; };
		9617337120E62DDF004008C6 /* Status.swift in Sources */ = {isa = PBXBuildFile; fileRef = 9617337020E62DDF004008C6 /* Status.swift */; };
		961B8C2A2033F5980048FFC5 /* User.swift in Sources */ = {isa = PBXBuildFile; fileRef = 961B8C292033F5980048FFC5 /* User.swift */; };
		9622547C201E188D00F556F1 /* ProfileVC.swift in Sources */ = {isa = PBXBuildFile; fileRef = 9622547B201E188C00F556F1 /* ProfileVC.swift */; };
		9622547E201E193F00F556F1 /* ProfileVCCell.swift in Sources */ = {isa = PBXBuildFile; fileRef = 9622547D201E193F00F556F1 /* ProfileVCCell.swift */; };
		962A3A3B20D55B2500BA5F89 /* ViewUserVC.swift in Sources */ = {isa = PBXBuildFile; fileRef = 962A3A3A20D55B2500BA5F89 /* ViewUserVC.swift */; };
		962A3A3D20D55B4000BA5F89 /* ViewUserPostVC.swift in Sources */ = {isa = PBXBuildFile; fileRef = 962A3A3C20D55B4000BA5F89 /* ViewUserPostVC.swift */; };
		962B49AE20DF7041005F8468 /* VotedPostsVC.swift in Sources */ = {isa = PBXBuildFile; fileRef = 962B49AD20DF7041005F8468 /* VotedPostsVC.swift */; };
		962DA4D8208C5A4D0022C644 /* SampleFeedVC.swift in Sources */ = {isa = PBXBuildFile; fileRef = 962DA4D7208C5A4D0022C644 /* SampleFeedVC.swift */; };
		962DA4DA208C5B5D0022C644 /* SampleFeedVCCell.swift in Sources */ = {isa = PBXBuildFile; fileRef = 962DA4D9208C5B5D0022C644 /* SampleFeedVCCell.swift */; };
		962DA4DC208C8CF10022C644 /* TextUtility.swift in Sources */ = {isa = PBXBuildFile; fileRef = 962DA4DB208C8CF10022C644 /* TextUtility.swift */; };
		96327C6320FD99A5009ADD05 /* DeepLinks.swift in Sources */ = {isa = PBXBuildFile; fileRef = 96327C6220FD99A5009ADD05 /* DeepLinks.swift */; };
		96327C6520FD9ACA009ADD05 /* DeepLinkNavigator.swift in Sources */ = {isa = PBXBuildFile; fileRef = 96327C6420FD9ACA009ADD05 /* DeepLinkNavigator.swift */; };
		963607DF20C665F300D2570B /* FeedVC1.swift in Sources */ = {isa = PBXBuildFile; fileRef = 963607DE20C665F300D2570B /* FeedVC1.swift */; };
		963BD4A02022222A00549A9A /* ViewBackground.swift in Sources */ = {isa = PBXBuildFile; fileRef = 963BD49F2022222A00549A9A /* ViewBackground.swift */; };
		963BD4A22022230A00549A9A /* UploadImagesVC.swift in Sources */ = {isa = PBXBuildFile; fileRef = 963BD4A12022230A00549A9A /* UploadImagesVC.swift */; };
		963BD4A420224C3300549A9A /* PHAssetToImage.swift in Sources */ = {isa = PBXBuildFile; fileRef = 963BD4A320224C3300549A9A /* PHAssetToImage.swift */; };
		96602716208B00FA008382AC /* FeedVC.swift in Sources */ = {isa = PBXBuildFile; fileRef = 96602715208B00FA008382AC /* FeedVC.swift */; };
		96602718208B0177008382AC /* FeedVCCell.swift in Sources */ = {isa = PBXBuildFile; fileRef = 96602717208B0177008382AC /* FeedVCCell.swift */; };
		9660271A208BA040008382AC /* RoundedCorners.swift in Sources */ = {isa = PBXBuildFile; fileRef = 96602719208BA040008382AC /* RoundedCorners.swift */; };
		9669758A20DF990500B47DF9 /* ViewVotedPostVC.swift in Sources */ = {isa = PBXBuildFile; fileRef = 9669758920DF990500B47DF9 /* ViewVotedPostVC.swift */; };
		967BDF5B20B927EF00FD5924 /* RoundedView.swift in Sources */ = {isa = PBXBuildFile; fileRef = 967BDF5A20B927EF00FD5924 /* RoundedView.swift */; };
		967BDF5D20B92A6400FD5924 /* RoundedButton.swift in Sources */ = {isa = PBXBuildFile; fileRef = 967BDF5C20B92A6400FD5924 /* RoundedButton.swift */; };
		967BDF5F20B9501200FD5924 /* PopUpViewController.swift in Sources */ = {isa = PBXBuildFile; fileRef = 967BDF5E20B9501200FD5924 /* PopUpViewController.swift */; };
		967CC2DC209B7D80007876D2 /* HandleSelection.swift in Sources */ = {isa = PBXBuildFile; fileRef = 967CC2DB209B7D80007876D2 /* HandleSelection.swift */; };
		9681A69B201A106D001D26E4 /* AppDelegate.swift in Sources */ = {isa = PBXBuildFile; fileRef = 9681A69A201A106D001D26E4 /* AppDelegate.swift */; };
		9681A6A0201A106D001D26E4 /* Main.storyboard in Resources */ = {isa = PBXBuildFile; fileRef = 9681A69E201A106D001D26E4 /* Main.storyboard */; };
		9681A6A2201A106D001D26E4 /* Assets.xcassets in Resources */ = {isa = PBXBuildFile; fileRef = 9681A6A1201A106D001D26E4 /* Assets.xcassets */; };
		9681A6A5201A106D001D26E4 /* LaunchScreen.storyboard in Resources */ = {isa = PBXBuildFile; fileRef = 9681A6A3201A106D001D26E4 /* LaunchScreen.storyboard */; };
		9681A6AD201A6438001D26E4 /* IntroductionManager.swift in Sources */ = {isa = PBXBuildFile; fileRef = 9681A6AC201A6438001D26E4 /* IntroductionManager.swift */; };
		9681A6B2201A661C001D26E4 /* IntroVC3.swift in Sources */ = {isa = PBXBuildFile; fileRef = 9681A6B1201A661C001D26E4 /* IntroVC3.swift */; };
		9681A6B4201A6627001D26E4 /* LoginVC.swift in Sources */ = {isa = PBXBuildFile; fileRef = 9681A6B3201A6627001D26E4 /* LoginVC.swift */; };
		9690988320E541FD0054B3E3 /* TextViewBorder.swift in Sources */ = {isa = PBXBuildFile; fileRef = 9690988220E541FD0054B3E3 /* TextViewBorder.swift */; };
		96ACA615203C8F66003081E7 /* Internet Access.swift in Sources */ = {isa = PBXBuildFile; fileRef = 96ACA614203C8F66003081E7 /* Internet Access.swift */; };
		96B44609201BC1DD00FCABA8 /* VoteVC.swift in Sources */ = {isa = PBXBuildFile; fileRef = 96B44608201BC1DD00FCABA8 /* VoteVC.swift */; };
		96C009072110829400FAFD5D /* TutorialVC.swift in Sources */ = {isa = PBXBuildFile; fileRef = 96C009062110829400FAFD5D /* TutorialVC.swift */; };
		96C009092110833300FAFD5D /* TutorialButton.swift in Sources */ = {isa = PBXBuildFile; fileRef = 96C009082110833300FAFD5D /* TutorialButton.swift */; };
		96D1C837216A112800DF1040 /* ViewReactions.swift in Sources */ = {isa = PBXBuildFile; fileRef = 96D1C836216A112800DF1040 /* ViewReactions.swift */; };
		96D1C839216A118600DF1040 /* ViewReactionsCell.swift in Sources */ = {isa = PBXBuildFile; fileRef = 96D1C838216A118600DF1040 /* ViewReactionsCell.swift */; };
		96DD2D1020382399009912EB /* ShadowImage_ProfileVC.swift in Sources */ = {isa = PBXBuildFile; fileRef = 96DD2D0F20382399009912EB /* ShadowImage_ProfileVC.swift */; };
		96E530632039306F006AB589 /* TermsAndCondtionsViewController.swift in Sources */ = {isa = PBXBuildFile; fileRef = 96E530622039306F006AB589 /* TermsAndCondtionsViewController.swift */; };
		96EB1DAA20D42D09009CCF8E /* ProfileVC1.swift in Sources */ = {isa = PBXBuildFile; fileRef = 96EB1DA920D42D09009CCF8E /* ProfileVC1.swift */; };
		96EB1DAC20D42D37009CCF8E /* ProfileVCCollectionCell.swift in Sources */ = {isa = PBXBuildFile; fileRef = 96EB1DAB20D42D37009CCF8E /* ProfileVCCollectionCell.swift */; };
		96EB1DAE20D43EAA009CCF8E /* ViewPostVC.swift in Sources */ = {isa = PBXBuildFile; fileRef = 96EB1DAD20D43EAA009CCF8E /* ViewPostVC.swift */; };
		96EBD32A20260B0000F38202 /* Post.swift in Sources */ = {isa = PBXBuildFile; fileRef = 96EBD32920260B0000F38202 /* Post.swift */; };
		96EBD33D202638B000F38202 /* GFBase32Utils.m in Sources */ = {isa = PBXBuildFile; fileRef = 96EBD332202638B000F38202 /* GFBase32Utils.m */; };
		96EBD33E202638B000F38202 /* GeoFire.m in Sources */ = {isa = PBXBuildFile; fileRef = 96EBD334202638B000F38202 /* GeoFire.m */; };
		96EBD33F202638B000F38202 /* GFGeoHashQuery.m in Sources */ = {isa = PBXBuildFile; fileRef = 96EBD335202638B000F38202 /* GFGeoHashQuery.m */; };
		96EBD340202638B000F38202 /* GFQuery.m in Sources */ = {isa = PBXBuildFile; fileRef = 96EBD336202638B000F38202 /* GFQuery.m */; };
		96EBD341202638B000F38202 /* GFGeoHash.m in Sources */ = {isa = PBXBuildFile; fileRef = 96EBD337202638B000F38202 /* GFGeoHash.m */; };
		96F9E9BE20A7E74200C896A9 /* Extensions.swift in Sources */ = {isa = PBXBuildFile; fileRef = 96F9E9BD20A7E74200C896A9 /* Extensions.swift */; };
		96FA1F89202E12A10062737F /* OverlayView.xib in Resources */ = {isa = PBXBuildFile; fileRef = 96FA1F88202E12A10062737F /* OverlayView.xib */; };
		96FA1F8B202E13040062737F /* KolodaOverlay.swift in Sources */ = {isa = PBXBuildFile; fileRef = 96FA1F8A202E13040062737F /* KolodaOverlay.swift */; };
		AF1E91E0180B54E24B13A7F0 /* Pods_SnapSieve.framework in Frameworks */ = {isa = PBXBuildFile; fileRef = C8360721E370AAD459F23440 /* Pods_SnapSieve.framework */; };
/* End PBXBuildFile section */

/* Begin PBXFileReference section */
		5FB40491BE13DB10FB2B0E1C /* Pods-SnapSieve.debug.xcconfig */ = {isa = PBXFileReference; includeInIndex = 1; lastKnownFileType = text.xcconfig; name = "Pods-SnapSieve.debug.xcconfig"; path = "Pods/Target Support Files/Pods-SnapSieve/Pods-SnapSieve.debug.xcconfig"; sourceTree = "<group>"; };
		960096C720E8CC1600E58175 /* PopVC2.swift */ = {isa = PBXFileReference; lastKnownFileType = sourcecode.swift; path = PopVC2.swift; sourceTree = "<group>"; };
		9606C27E2024379E0035E51A /* ShadowImage.swift */ = {isa = PBXFileReference; lastKnownFileType = sourcecode.swift; path = ShadowImage.swift; sourceTree = "<group>"; };
		9607DDF12105BB7E00F329C7 /* LoadImages.swift */ = {isa = PBXFileReference; lastKnownFileType = sourcecode.swift; path = LoadImages.swift; sourceTree = "<group>"; };
		960F889E201F4212006D8326 /* GoogleService-Info.plist */ = {isa = PBXFileReference; fileEncoding = 4; lastKnownFileType = text.plist.xml; path = "GoogleService-Info.plist"; sourceTree = "<group>"; };
		960F88A0201F44B6006D8326 /* SnapSieve.entitlements */ = {isa = PBXFileReference; lastKnownFileType = text.plist.entitlements; path = SnapSieve.entitlements; sourceTree = "<group>"; };
		960F88A2201F4CDB006D8326 /* DataServices.swift */ = {isa = PBXFileReference; lastKnownFileType = sourcecode.swift; path = DataServices.swift; sourceTree = "<group>"; };
		9617337020E62DDF004008C6 /* Status.swift */ = {isa = PBXFileReference; lastKnownFileType = sourcecode.swift; path = Status.swift; sourceTree = "<group>"; };
		961B8C292033F5980048FFC5 /* User.swift */ = {isa = PBXFileReference; lastKnownFileType = sourcecode.swift; path = User.swift; sourceTree = "<group>"; };
		9622547B201E188C00F556F1 /* ProfileVC.swift */ = {isa = PBXFileReference; lastKnownFileType = sourcecode.swift; path = ProfileVC.swift; sourceTree = "<group>"; };
		9622547D201E193F00F556F1 /* ProfileVCCell.swift */ = {isa = PBXFileReference; lastKnownFileType = sourcecode.swift; path = ProfileVCCell.swift; sourceTree = "<group>"; };
		962A3A3A20D55B2500BA5F89 /* ViewUserVC.swift */ = {isa = PBXFileReference; lastKnownFileType = sourcecode.swift; path = ViewUserVC.swift; sourceTree = "<group>"; };
		962A3A3C20D55B4000BA5F89 /* ViewUserPostVC.swift */ = {isa = PBXFileReference; lastKnownFileType = sourcecode.swift; path = ViewUserPostVC.swift; sourceTree = "<group>"; };
		962B49AD20DF7041005F8468 /* VotedPostsVC.swift */ = {isa = PBXFileReference; lastKnownFileType = sourcecode.swift; path = VotedPostsVC.swift; sourceTree = "<group>"; };
		962DA4D7208C5A4D0022C644 /* SampleFeedVC.swift */ = {isa = PBXFileReference; lastKnownFileType = sourcecode.swift; path = SampleFeedVC.swift; sourceTree = "<group>"; };
		962DA4D9208C5B5D0022C644 /* SampleFeedVCCell.swift */ = {isa = PBXFileReference; lastKnownFileType = sourcecode.swift; path = SampleFeedVCCell.swift; sourceTree = "<group>"; };
		962DA4DB208C8CF10022C644 /* TextUtility.swift */ = {isa = PBXFileReference; lastKnownFileType = sourcecode.swift; path = TextUtility.swift; sourceTree = "<group>"; };
		96327C6220FD99A5009ADD05 /* DeepLinks.swift */ = {isa = PBXFileReference; lastKnownFileType = sourcecode.swift; path = DeepLinks.swift; sourceTree = "<group>"; };
		96327C6420FD9ACA009ADD05 /* DeepLinkNavigator.swift */ = {isa = PBXFileReference; lastKnownFileType = sourcecode.swift; path = DeepLinkNavigator.swift; sourceTree = "<group>"; };
		963607DE20C665F300D2570B /* FeedVC1.swift */ = {isa = PBXFileReference; lastKnownFileType = sourcecode.swift; path = FeedVC1.swift; sourceTree = "<group>"; };
		963BD49F2022222A00549A9A /* ViewBackground.swift */ = {isa = PBXFileReference; lastKnownFileType = sourcecode.swift; path = ViewBackground.swift; sourceTree = "<group>"; };
		963BD4A12022230A00549A9A /* UploadImagesVC.swift */ = {isa = PBXFileReference; lastKnownFileType = sourcecode.swift; path = UploadImagesVC.swift; sourceTree = "<group>"; };
		963BD4A320224C3300549A9A /* PHAssetToImage.swift */ = {isa = PBXFileReference; lastKnownFileType = sourcecode.swift; path = PHAssetToImage.swift; sourceTree = "<group>"; };
		96602715208B00FA008382AC /* FeedVC.swift */ = {isa = PBXFileReference; lastKnownFileType = sourcecode.swift; path = FeedVC.swift; sourceTree = "<group>"; };
		96602717208B0177008382AC /* FeedVCCell.swift */ = {isa = PBXFileReference; lastKnownFileType = sourcecode.swift; path = FeedVCCell.swift; sourceTree = "<group>"; };
		96602719208BA040008382AC /* RoundedCorners.swift */ = {isa = PBXFileReference; lastKnownFileType = sourcecode.swift; path = RoundedCorners.swift; sourceTree = "<group>"; };
		9669758920DF990500B47DF9 /* ViewVotedPostVC.swift */ = {isa = PBXFileReference; lastKnownFileType = sourcecode.swift; path = ViewVotedPostVC.swift; sourceTree = "<group>"; };
		967BDF5A20B927EF00FD5924 /* RoundedView.swift */ = {isa = PBXFileReference; lastKnownFileType = sourcecode.swift; path = RoundedView.swift; sourceTree = "<group>"; };
		967BDF5C20B92A6400FD5924 /* RoundedButton.swift */ = {isa = PBXFileReference; lastKnownFileType = sourcecode.swift; path = RoundedButton.swift; sourceTree = "<group>"; };
		967BDF5E20B9501200FD5924 /* PopUpViewController.swift */ = {isa = PBXFileReference; lastKnownFileType = sourcecode.swift; path = PopUpViewController.swift; sourceTree = "<group>"; };
		967CC2DB209B7D80007876D2 /* HandleSelection.swift */ = {isa = PBXFileReference; lastKnownFileType = sourcecode.swift; path = HandleSelection.swift; sourceTree = "<group>"; };
		9681A697201A106D001D26E4 /* SnapSieve.app */ = {isa = PBXFileReference; explicitFileType = wrapper.application; includeInIndex = 0; path = SnapSieve.app; sourceTree = BUILT_PRODUCTS_DIR; };
		9681A69A201A106D001D26E4 /* AppDelegate.swift */ = {isa = PBXFileReference; lastKnownFileType = sourcecode.swift; path = AppDelegate.swift; sourceTree = "<group>"; };
		9681A69F201A106D001D26E4 /* Base */ = {isa = PBXFileReference; lastKnownFileType = file.storyboard; name = Base; path = Base.lproj/Main.storyboard; sourceTree = "<group>"; };
		9681A6A1201A106D001D26E4 /* Assets.xcassets */ = {isa = PBXFileReference; lastKnownFileType = folder.assetcatalog; path = Assets.xcassets; sourceTree = "<group>"; };
		9681A6A4201A106D001D26E4 /* Base */ = {isa = PBXFileReference; lastKnownFileType = file.storyboard; name = Base; path = Base.lproj/LaunchScreen.storyboard; sourceTree = "<group>"; };
		9681A6A6201A106D001D26E4 /* Info.plist */ = {isa = PBXFileReference; lastKnownFileType = text.plist.xml; path = Info.plist; sourceTree = "<group>"; };
		9681A6AC201A6438001D26E4 /* IntroductionManager.swift */ = {isa = PBXFileReference; lastKnownFileType = sourcecode.swift; path = IntroductionManager.swift; sourceTree = "<group>"; };
		9681A6B1201A661C001D26E4 /* IntroVC3.swift */ = {isa = PBXFileReference; lastKnownFileType = sourcecode.swift; path = IntroVC3.swift; sourceTree = "<group>"; };
		9681A6B3201A6627001D26E4 /* LoginVC.swift */ = {isa = PBXFileReference; lastKnownFileType = sourcecode.swift; path = LoginVC.swift; sourceTree = "<group>"; };
		9690988220E541FD0054B3E3 /* TextViewBorder.swift */ = {isa = PBXFileReference; lastKnownFileType = sourcecode.swift; path = TextViewBorder.swift; sourceTree = "<group>"; };
		96ACA614203C8F66003081E7 /* Internet Access.swift */ = {isa = PBXFileReference; lastKnownFileType = sourcecode.swift; path = "Internet Access.swift"; sourceTree = "<group>"; };
		96B44608201BC1DD00FCABA8 /* VoteVC.swift */ = {isa = PBXFileReference; lastKnownFileType = sourcecode.swift; path = VoteVC.swift; sourceTree = "<group>"; };
		96C009062110829400FAFD5D /* TutorialVC.swift */ = {isa = PBXFileReference; lastKnownFileType = sourcecode.swift; path = TutorialVC.swift; sourceTree = "<group>"; };
		96C009082110833300FAFD5D /* TutorialButton.swift */ = {isa = PBXFileReference; lastKnownFileType = sourcecode.swift; path = TutorialButton.swift; sourceTree = "<group>"; };
		96D1C836216A112800DF1040 /* ViewReactions.swift */ = {isa = PBXFileReference; lastKnownFileType = sourcecode.swift; path = ViewReactions.swift; sourceTree = "<group>"; };
		96D1C838216A118600DF1040 /* ViewReactionsCell.swift */ = {isa = PBXFileReference; lastKnownFileType = sourcecode.swift; path = ViewReactionsCell.swift; sourceTree = "<group>"; };
		96DD2D0F20382399009912EB /* ShadowImage_ProfileVC.swift */ = {isa = PBXFileReference; lastKnownFileType = sourcecode.swift; path = ShadowImage_ProfileVC.swift; sourceTree = "<group>"; };
		96E530622039306F006AB589 /* TermsAndCondtionsViewController.swift */ = {isa = PBXFileReference; lastKnownFileType = sourcecode.swift; path = TermsAndCondtionsViewController.swift; sourceTree = "<group>"; };
		96EB1DA920D42D09009CCF8E /* ProfileVC1.swift */ = {isa = PBXFileReference; lastKnownFileType = sourcecode.swift; path = ProfileVC1.swift; sourceTree = "<group>"; };
		96EB1DAB20D42D37009CCF8E /* ProfileVCCollectionCell.swift */ = {isa = PBXFileReference; lastKnownFileType = sourcecode.swift; name = ProfileVCCollectionCell.swift; path = "/Users/tejas/Desktop/Project NEW/SnapSieve/SnapSieve/View/ProfileVCCollectionCell.swift"; sourceTree = "<absolute>"; };
		96EB1DAD20D43EAA009CCF8E /* ViewPostVC.swift */ = {isa = PBXFileReference; lastKnownFileType = sourcecode.swift; path = ViewPostVC.swift; sourceTree = "<group>"; };
		96EBD32920260B0000F38202 /* Post.swift */ = {isa = PBXFileReference; lastKnownFileType = sourcecode.swift; path = Post.swift; sourceTree = "<group>"; };
		96EBD32C202638B000F38202 /* GeoFire-Prefix.pch */ = {isa = PBXFileReference; fileEncoding = 4; lastKnownFileType = sourcecode.c.h; path = "GeoFire-Prefix.pch"; sourceTree = "<group>"; };
		96EBD32E202638B000F38202 /* GFBase32Utils.h */ = {isa = PBXFileReference; fileEncoding = 4; lastKnownFileType = sourcecode.c.h; path = GFBase32Utils.h; sourceTree = "<group>"; };
		96EBD32F202638B000F38202 /* GFGeoHashQuery.h */ = {isa = PBXFileReference; fileEncoding = 4; lastKnownFileType = sourcecode.c.h; path = GFGeoHashQuery.h; sourceTree = "<group>"; };
		96EBD330202638B000F38202 /* GFGeoHash.h */ = {isa = PBXFileReference; fileEncoding = 4; lastKnownFileType = sourcecode.c.h; path = GFGeoHash.h; sourceTree = "<group>"; };
		96EBD331202638B000F38202 /* GFQuery+Private.h */ = {isa = PBXFileReference; fileEncoding = 4; lastKnownFileType = sourcecode.c.h; path = "GFQuery+Private.h"; sourceTree = "<group>"; };
		96EBD332202638B000F38202 /* GFBase32Utils.m */ = {isa = PBXFileReference; fileEncoding = 4; lastKnownFileType = sourcecode.c.objc; path = GFBase32Utils.m; sourceTree = "<group>"; };
		96EBD333202638B000F38202 /* GeoFire+Private.h */ = {isa = PBXFileReference; fileEncoding = 4; lastKnownFileType = sourcecode.c.h; path = "GeoFire+Private.h"; sourceTree = "<group>"; };
		96EBD334202638B000F38202 /* GeoFire.m */ = {isa = PBXFileReference; fileEncoding = 4; lastKnownFileType = sourcecode.c.objc; path = GeoFire.m; sourceTree = "<group>"; };
		96EBD335202638B000F38202 /* GFGeoHashQuery.m */ = {isa = PBXFileReference; fileEncoding = 4; lastKnownFileType = sourcecode.c.objc; path = GFGeoHashQuery.m; sourceTree = "<group>"; };
		96EBD336202638B000F38202 /* GFQuery.m */ = {isa = PBXFileReference; fileEncoding = 4; lastKnownFileType = sourcecode.c.objc; path = GFQuery.m; sourceTree = "<group>"; };
		96EBD337202638B000F38202 /* GFGeoHash.m */ = {isa = PBXFileReference; fileEncoding = 4; lastKnownFileType = sourcecode.c.objc; path = GFGeoHash.m; sourceTree = "<group>"; };
		96EBD339202638B000F38202 /* GFRegionQuery.h */ = {isa = PBXFileReference; fileEncoding = 4; lastKnownFileType = sourcecode.c.h; path = GFRegionQuery.h; sourceTree = "<group>"; };
		96EBD33A202638B000F38202 /* GeoFire.h */ = {isa = PBXFileReference; fileEncoding = 4; lastKnownFileType = sourcecode.c.h; path = GeoFire.h; sourceTree = "<group>"; };
		96EBD33B202638B000F38202 /* GFQuery.h */ = {isa = PBXFileReference; fileEncoding = 4; lastKnownFileType = sourcecode.c.h; path = GFQuery.h; sourceTree = "<group>"; };
		96EBD33C202638B000F38202 /* GFCircleQuery.h */ = {isa = PBXFileReference; fileEncoding = 4; lastKnownFileType = sourcecode.c.h; path = GFCircleQuery.h; sourceTree = "<group>"; };
		96EBD3422026391600F38202 /* SnapSieve-Bridging-Header.h */ = {isa = PBXFileReference; lastKnownFileType = sourcecode.c.h; path = "SnapSieve-Bridging-Header.h"; sourceTree = "<group>"; };
		96F9E9BD20A7E74200C896A9 /* Extensions.swift */ = {isa = PBXFileReference; lastKnownFileType = sourcecode.swift; path = Extensions.swift; sourceTree = "<group>"; };
		96FA1F88202E12A10062737F /* OverlayView.xib */ = {isa = PBXFileReference; fileEncoding = 4; lastKnownFileType = file.xib; path = OverlayView.xib; sourceTree = "<group>"; };
		96FA1F8A202E13040062737F /* KolodaOverlay.swift */ = {isa = PBXFileReference; lastKnownFileType = sourcecode.swift; path = KolodaOverlay.swift; sourceTree = "<group>"; };
		C8360721E370AAD459F23440 /* Pods_SnapSieve.framework */ = {isa = PBXFileReference; explicitFileType = wrapper.framework; includeInIndex = 0; path = Pods_SnapSieve.framework; sourceTree = BUILT_PRODUCTS_DIR; };
		E01A2256A73C1B467043DD3A /* Pods-SnapSieve.release.xcconfig */ = {isa = PBXFileReference; includeInIndex = 1; lastKnownFileType = text.xcconfig; name = "Pods-SnapSieve.release.xcconfig"; path = "Pods/Target Support Files/Pods-SnapSieve/Pods-SnapSieve.release.xcconfig"; sourceTree = "<group>"; };
/* End PBXFileReference section */

/* Begin PBXFrameworksBuildPhase section */
		9681A694201A106D001D26E4 /* Frameworks */ = {
			isa = PBXFrameworksBuildPhase;
			buildActionMask = 2147483647;
			files = (
				AF1E91E0180B54E24B13A7F0 /* Pods_SnapSieve.framework in Frameworks */,
			);
			runOnlyForDeploymentPostprocessing = 0;
		};
/* End PBXFrameworksBuildPhase section */

/* Begin PBXGroup section */
		53666321FEF9833F88844D2D /* Frameworks */ = {
			isa = PBXGroup;
			children = (
				C8360721E370AAD459F23440 /* Pods_SnapSieve.framework */,
			);
			name = Frameworks;
			sourceTree = "<group>";
		};
		960F88A1201F4C8D006D8326 /* Services */ = {
			isa = PBXGroup;
			children = (
				962DA4DB208C8CF10022C644 /* TextUtility.swift */,
				960F88A2201F4CDB006D8326 /* DataServices.swift */,
				963BD4A320224C3300549A9A /* PHAssetToImage.swift */,
				96327C6220FD99A5009ADD05 /* DeepLinks.swift */,
				96327C6420FD9ACA009ADD05 /* DeepLinkNavigator.swift */,
			);
			path = Services;
			sourceTree = "<group>";
		};
		967BDF6020BAB5DE00FD5924 /* Old Files */ = {
			isa = PBXGroup;
			children = (
				9622547B201E188C00F556F1 /* ProfileVC.swift */,
				96602715208B00FA008382AC /* FeedVC.swift */,
				962DA4D9208C5B5D0022C644 /* SampleFeedVCCell.swift */,
				96B44608201BC1DD00FCABA8 /* VoteVC.swift */,
				962DA4D7208C5A4D0022C644 /* SampleFeedVC.swift */,
				96FA1F88202E12A10062737F /* OverlayView.xib */,
				96FA1F8A202E13040062737F /* KolodaOverlay.swift */,
			);
			path = "Old Files";
			sourceTree = "<group>";
		};
		9681A68E201A106D001D26E4 = {
			isa = PBXGroup;
			children = (
				9681A699201A106D001D26E4 /* SnapSieve */,
				9681A698201A106D001D26E4 /* Products */,
				F9670E893F8DD111C579A9A5 /* Pods */,
				53666321FEF9833F88844D2D /* Frameworks */,
			);
			sourceTree = "<group>";
		};
		9681A698201A106D001D26E4 /* Products */ = {
			isa = PBXGroup;
			children = (
				9681A697201A106D001D26E4 /* SnapSieve.app */,
			);
			name = Products;
			sourceTree = "<group>";
		};
		9681A699201A106D001D26E4 /* SnapSieve */ = {
			isa = PBXGroup;
			children = (
				967BDF6020BAB5DE00FD5924 /* Old Files */,
				96FA1F87202E12880062737F /* Utilities */,
				96EBD32B202638B000F38202 /* GeoFire */,
				960F88A1201F4C8D006D8326 /* Services */,
				960F88A0201F44B6006D8326 /* SnapSieve.entitlements */,
				9681A6B0201A64AA001D26E4 /* Controller */,
				9681A6AF201A64A5001D26E4 /* View */,
				9681A6AE201A649E001D26E4 /* Model */,
				9681A69E201A106D001D26E4 /* Main.storyboard */,
				9681A6A1201A106D001D26E4 /* Assets.xcassets */,
				9681A6A3201A106D001D26E4 /* LaunchScreen.storyboard */,
				9681A6A6201A106D001D26E4 /* Info.plist */,
				960F889E201F4212006D8326 /* GoogleService-Info.plist */,
				96EBD3422026391600F38202 /* SnapSieve-Bridging-Header.h */,
			);
			path = SnapSieve;
			sourceTree = "<group>";
		};
		9681A6AE201A649E001D26E4 /* Model */ = {
			isa = PBXGroup;
			children = (
				96EBD32920260B0000F38202 /* Post.swift */,
				961B8C292033F5980048FFC5 /* User.swift */,
				96ACA614203C8F66003081E7 /* Internet Access.swift */,
				967CC2DB209B7D80007876D2 /* HandleSelection.swift */,
				96F9E9BD20A7E74200C896A9 /* Extensions.swift */,
				9617337020E62DDF004008C6 /* Status.swift */,
				9607DDF12105BB7E00F329C7 /* LoadImages.swift */,
			);
			path = Model;
			sourceTree = "<group>";
		};
		9681A6AF201A64A5001D26E4 /* View */ = {
			isa = PBXGroup;
			children = (
				96EB1DAB20D42D37009CCF8E /* ProfileVCCollectionCell.swift */,
				9622547D201E193F00F556F1 /* ProfileVCCell.swift */,
				963BD49F2022222A00549A9A /* ViewBackground.swift */,
				9606C27E2024379E0035E51A /* ShadowImage.swift */,
				96DD2D0F20382399009912EB /* ShadowImage_ProfileVC.swift */,
				96602717208B0177008382AC /* FeedVCCell.swift */,
				96602719208BA040008382AC /* RoundedCorners.swift */,
				967BDF5A20B927EF00FD5924 /* RoundedView.swift */,
				967BDF5C20B92A6400FD5924 /* RoundedButton.swift */,
				9690988220E541FD0054B3E3 /* TextViewBorder.swift */,
				96C009082110833300FAFD5D /* TutorialButton.swift */,
				96D1C838216A118600DF1040 /* ViewReactionsCell.swift */,
			);
			path = View;
			sourceTree = "<group>";
		};
		9681A6B0201A64AA001D26E4 /* Controller */ = {
			isa = PBXGroup;
			children = (
				9681A6AC201A6438001D26E4 /* IntroductionManager.swift */,
				9681A6B1201A661C001D26E4 /* IntroVC3.swift */,
				9681A6B3201A6627001D26E4 /* LoginVC.swift */,
				963BD4A12022230A00549A9A /* UploadImagesVC.swift */,
				967BDF5E20B9501200FD5924 /* PopUpViewController.swift */,
				96E530622039306F006AB589 /* TermsAndCondtionsViewController.swift */,
				963607DE20C665F300D2570B /* FeedVC1.swift */,
				96EB1DA920D42D09009CCF8E /* ProfileVC1.swift */,
				96EB1DAD20D43EAA009CCF8E /* ViewPostVC.swift */,
				962A3A3A20D55B2500BA5F89 /* ViewUserVC.swift */,
				962A3A3C20D55B4000BA5F89 /* ViewUserPostVC.swift */,
				962B49AD20DF7041005F8468 /* VotedPostsVC.swift */,
				9669758920DF990500B47DF9 /* ViewVotedPostVC.swift */,
				960096C720E8CC1600E58175 /* PopVC2.swift */,
				96C009062110829400FAFD5D /* TutorialVC.swift */,
				96D1C836216A112800DF1040 /* ViewReactions.swift */,
			);
			path = Controller;
			sourceTree = "<group>";
		};
		96EBD32B202638B000F38202 /* GeoFire */ = {
			isa = PBXGroup;
			children = (
				96EBD32C202638B000F38202 /* GeoFire-Prefix.pch */,
				96EBD32D202638B000F38202 /* Implementation */,
				96EBD338202638B000F38202 /* API */,
			);
			path = GeoFire;
			sourceTree = "<group>";
		};
		96EBD32D202638B000F38202 /* Implementation */ = {
			isa = PBXGroup;
			children = (
				96EBD32E202638B000F38202 /* GFBase32Utils.h */,
				96EBD32F202638B000F38202 /* GFGeoHashQuery.h */,
				96EBD330202638B000F38202 /* GFGeoHash.h */,
				96EBD331202638B000F38202 /* GFQuery+Private.h */,
				96EBD332202638B000F38202 /* GFBase32Utils.m */,
				96EBD333202638B000F38202 /* GeoFire+Private.h */,
				96EBD334202638B000F38202 /* GeoFire.m */,
				96EBD335202638B000F38202 /* GFGeoHashQuery.m */,
				96EBD336202638B000F38202 /* GFQuery.m */,
				96EBD337202638B000F38202 /* GFGeoHash.m */,
			);
			path = Implementation;
			sourceTree = "<group>";
		};
		96EBD338202638B000F38202 /* API */ = {
			isa = PBXGroup;
			children = (
				96EBD339202638B000F38202 /* GFRegionQuery.h */,
				96EBD33A202638B000F38202 /* GeoFire.h */,
				96EBD33B202638B000F38202 /* GFQuery.h */,
				96EBD33C202638B000F38202 /* GFCircleQuery.h */,
			);
			path = API;
			sourceTree = "<group>";
		};
		96FA1F87202E12880062737F /* Utilities */ = {
			isa = PBXGroup;
			children = (
				9681A69A201A106D001D26E4 /* AppDelegate.swift */,
			);
			path = Utilities;
			sourceTree = "<group>";
		};
		F9670E893F8DD111C579A9A5 /* Pods */ = {
			isa = PBXGroup;
			children = (
				5FB40491BE13DB10FB2B0E1C /* Pods-SnapSieve.debug.xcconfig */,
				E01A2256A73C1B467043DD3A /* Pods-SnapSieve.release.xcconfig */,
			);
			name = Pods;
			sourceTree = "<group>";
		};
/* End PBXGroup section */

/* Begin PBXNativeTarget section */
		9681A696201A106D001D26E4 /* SnapSieve */ = {
			isa = PBXNativeTarget;
			buildConfigurationList = 9681A6A9201A106D001D26E4 /* Build configuration list for PBXNativeTarget "SnapSieve" */;
			buildPhases = (
				0C0ED5D090E33413AEA3275F /* [CP] Check Pods Manifest.lock */,
				9681A693201A106D001D26E4 /* Sources */,
				9681A694201A106D001D26E4 /* Frameworks */,
				9681A695201A106D001D26E4 /* Resources */,
				B6F21C59A2F209416CB24233 /* [CP] Embed Pods Frameworks */,
				46001D217558987E6DBE8AC5 /* [CP] Copy Pods Resources */,
			);
			buildRules = (
			);
			dependencies = (
			);
			name = SnapSieve;
			productName = SnapSieve;
			productReference = 9681A697201A106D001D26E4 /* SnapSieve.app */;
			productType = "com.apple.product-type.application";
		};
/* End PBXNativeTarget section */

/* Begin PBXProject section */
		9681A68F201A106D001D26E4 /* Project object */ = {
			isa = PBXProject;
			attributes = {
				LastSwiftUpdateCheck = 0920;
				LastUpgradeCheck = 0930;
				ORGANIZATIONNAME = "Tejas Badani";
				TargetAttributes = {
					9681A696201A106D001D26E4 = {
						CreatedOnToolsVersion = 9.2;
						ProvisioningStyle = Automatic;
						SystemCapabilities = {
							com.apple.Keychain = {
								enabled = 1;
							};
							com.apple.Push = {
								enabled = 1;
							};
						};
					};
				};
			};
			buildConfigurationList = 9681A692201A106D001D26E4 /* Build configuration list for PBXProject "SnapSieve" */;
			compatibilityVersion = "Xcode 9.3";
			developmentRegion = en;
			hasScannedForEncodings = 0;
			knownRegions = (
				en,
				Base,
			);
			mainGroup = 9681A68E201A106D001D26E4;
			productRefGroup = 9681A698201A106D001D26E4 /* Products */;
			projectDirPath = "";
			projectRoot = "";
			targets = (
				9681A696201A106D001D26E4 /* SnapSieve */,
			);
		};
/* End PBXProject section */

/* Begin PBXResourcesBuildPhase section */
		9681A695201A106D001D26E4 /* Resources */ = {
			isa = PBXResourcesBuildPhase;
			buildActionMask = 2147483647;
			files = (
				9681A6A5201A106D001D26E4 /* LaunchScreen.storyboard in Resources */,
				960F889F201F4212006D8326 /* GoogleService-Info.plist in Resources */,
				96FA1F89202E12A10062737F /* OverlayView.xib in Resources */,
				9681A6A2201A106D001D26E4 /* Assets.xcassets in Resources */,
				9681A6A0201A106D001D26E4 /* Main.storyboard in Resources */,
			);
			runOnlyForDeploymentPostprocessing = 0;
		};
/* End PBXResourcesBuildPhase section */

/* Begin PBXShellScriptBuildPhase section */
		0C0ED5D090E33413AEA3275F /* [CP] Check Pods Manifest.lock */ = {
			isa = PBXShellScriptBuildPhase;
			buildActionMask = 2147483647;
			files = (
			);
			inputPaths = (
				"${PODS_PODFILE_DIR_PATH}/Podfile.lock",
				"${PODS_ROOT}/Manifest.lock",
			);
			name = "[CP] Check Pods Manifest.lock";
			outputPaths = (
				"$(DERIVED_FILE_DIR)/Pods-SnapSieve-checkManifestLockResult.txt",
			);
			runOnlyForDeploymentPostprocessing = 0;
			shellPath = /bin/sh;
			shellScript = "diff \"${PODS_PODFILE_DIR_PATH}/Podfile.lock\" \"${PODS_ROOT}/Manifest.lock\" > /dev/null\nif [ $? != 0 ] ; then\n    # print error to STDERR\n    echo \"error: The sandbox is not in sync with the Podfile.lock. Run 'pod install' or update your CocoaPods installation.\" >&2\n    exit 1\nfi\n# This output is used by Xcode 'outputs' to avoid re-running this script phase.\necho \"SUCCESS\" > \"${SCRIPT_OUTPUT_FILE_0}\"\n";
			showEnvVarsInLog = 0;
		};
		46001D217558987E6DBE8AC5 /* [CP] Copy Pods Resources */ = {
			isa = PBXShellScriptBuildPhase;
			buildActionMask = 2147483647;
			files = (
			);
			inputPaths = (
				"${SRCROOT}/Pods/Target Support Files/Pods-SnapSieve/Pods-SnapSieve-resources.sh",
				"${PODS_ROOT}/GoogleSignIn/Resources/GoogleSignIn.bundle",
			);
			name = "[CP] Copy Pods Resources";
			outputPaths = (
				"${TARGET_BUILD_DIR}/${UNLOCALIZED_RESOURCES_FOLDER_PATH}/GoogleSignIn.bundle",
			);
			runOnlyForDeploymentPostprocessing = 0;
			shellPath = /bin/sh;
			shellScript = "\"${SRCROOT}/Pods/Target Support Files/Pods-SnapSieve/Pods-SnapSieve-resources.sh\"\n";
			showEnvVarsInLog = 0;
		};
		B6F21C59A2F209416CB24233 /* [CP] Embed Pods Frameworks */ = {
			isa = PBXShellScriptBuildPhase;
			buildActionMask = 2147483647;
			files = (
			);
			inputPaths = (
				"${SRCROOT}/Pods/Target Support Files/Pods-SnapSieve/Pods-SnapSieve-frameworks.sh",
				"${BUILT_PRODUCTS_DIR}/Alamofire/Alamofire.framework",
				"${BUILT_PRODUCTS_DIR}/AlamofireImage/AlamofireImage.framework",
				"${BUILT_PRODUCTS_DIR}/Bolts/Bolts.framework",
				"${BUILT_PRODUCTS_DIR}/CropViewController/CropViewController.framework",
				"${BUILT_PRODUCTS_DIR}/FBSDKCoreKit/FBSDKCoreKit.framework",
				"${BUILT_PRODUCTS_DIR}/FBSDKLoginKit/FBSDKLoginKit.framework",
				"${BUILT_PRODUCTS_DIR}/FloatRatingView/FloatRatingView.framework",
				"${BUILT_PRODUCTS_DIR}/Floaty/Floaty.framework",
				"${BUILT_PRODUCTS_DIR}/GTMOAuth2/GTMOAuth2.framework",
				"${BUILT_PRODUCTS_DIR}/GTMSessionFetcher/GTMSessionFetcher.framework",
				"${BUILT_PRODUCTS_DIR}/Gallery/Gallery.framework",
				"${BUILT_PRODUCTS_DIR}/GoogleToolboxForMac/GoogleToolboxForMac.framework",
				"${BUILT_PRODUCTS_DIR}/GoogleUtilities/GoogleUtilities.framework",
				"${BUILT_PRODUCTS_DIR}/Hero/Hero.framework",
				"${BUILT_PRODUCTS_DIR}/Nuke/Nuke.framework",
				"${BUILT_PRODUCTS_DIR}/Protobuf/Protobuf.framework",
				"${BUILT_PRODUCTS_DIR}/SDWebImage/SDWebImage.framework",
				"${BUILT_PRODUCTS_DIR}/SVProgressHUD/SVProgressHUD.framework",
				"${BUILT_PRODUCTS_DIR}/SwiftKeychainWrapper/SwiftKeychainWrapper.framework",
				"${BUILT_PRODUCTS_DIR}/SwiftyJSON/SwiftyJSON.framework",
				"${BUILT_PRODUCTS_DIR}/UICircularProgressRing/UICircularProgressRing.framework",
				"${BUILT_PRODUCTS_DIR}/WCLShineButton/WCLShineButton.framework",
				"${BUILT_PRODUCTS_DIR}/ZAlertView/ZAlertView.framework",
				"${BUILT_PRODUCTS_DIR}/leveldb-library/leveldb.framework",
				"${BUILT_PRODUCTS_DIR}/nanopb/nanopb.framework",
			);
			name = "[CP] Embed Pods Frameworks";
			outputPaths = (
				"${TARGET_BUILD_DIR}/${FRAMEWORKS_FOLDER_PATH}/Alamofire.framework",
				"${TARGET_BUILD_DIR}/${FRAMEWORKS_FOLDER_PATH}/AlamofireImage.framework",
				"${TARGET_BUILD_DIR}/${FRAMEWORKS_FOLDER_PATH}/Bolts.framework",
				"${TARGET_BUILD_DIR}/${FRAMEWORKS_FOLDER_PATH}/CropViewController.framework",
				"${TARGET_BUILD_DIR}/${FRAMEWORKS_FOLDER_PATH}/FBSDKCoreKit.framework",
				"${TARGET_BUILD_DIR}/${FRAMEWORKS_FOLDER_PATH}/FBSDKLoginKit.framework",
				"${TARGET_BUILD_DIR}/${FRAMEWORKS_FOLDER_PATH}/FloatRatingView.framework",
				"${TARGET_BUILD_DIR}/${FRAMEWORKS_FOLDER_PATH}/Floaty.framework",
				"${TARGET_BUILD_DIR}/${FRAMEWORKS_FOLDER_PATH}/GTMOAuth2.framework",
				"${TARGET_BUILD_DIR}/${FRAMEWORKS_FOLDER_PATH}/GTMSessionFetcher.framework",
				"${TARGET_BUILD_DIR}/${FRAMEWORKS_FOLDER_PATH}/Gallery.framework",
				"${TARGET_BUILD_DIR}/${FRAMEWORKS_FOLDER_PATH}/GoogleToolboxForMac.framework",
				"${TARGET_BUILD_DIR}/${FRAMEWORKS_FOLDER_PATH}/GoogleUtilities.framework",
				"${TARGET_BUILD_DIR}/${FRAMEWORKS_FOLDER_PATH}/Hero.framework",
				"${TARGET_BUILD_DIR}/${FRAMEWORKS_FOLDER_PATH}/Nuke.framework",
				"${TARGET_BUILD_DIR}/${FRAMEWORKS_FOLDER_PATH}/Protobuf.framework",
				"${TARGET_BUILD_DIR}/${FRAMEWORKS_FOLDER_PATH}/SDWebImage.framework",
				"${TARGET_BUILD_DIR}/${FRAMEWORKS_FOLDER_PATH}/SVProgressHUD.framework",
				"${TARGET_BUILD_DIR}/${FRAMEWORKS_FOLDER_PATH}/SwiftKeychainWrapper.framework",
				"${TARGET_BUILD_DIR}/${FRAMEWORKS_FOLDER_PATH}/SwiftyJSON.framework",
				"${TARGET_BUILD_DIR}/${FRAMEWORKS_FOLDER_PATH}/UICircularProgressRing.framework",
				"${TARGET_BUILD_DIR}/${FRAMEWORKS_FOLDER_PATH}/WCLShineButton.framework",
				"${TARGET_BUILD_DIR}/${FRAMEWORKS_FOLDER_PATH}/ZAlertView.framework",
				"${TARGET_BUILD_DIR}/${FRAMEWORKS_FOLDER_PATH}/leveldb.framework",
				"${TARGET_BUILD_DIR}/${FRAMEWORKS_FOLDER_PATH}/nanopb.framework",
			);
			runOnlyForDeploymentPostprocessing = 0;
			shellPath = /bin/sh;
			shellScript = "\"${SRCROOT}/Pods/Target Support Files/Pods-SnapSieve/Pods-SnapSieve-frameworks.sh\"\n";
			showEnvVarsInLog = 0;
		};
/* End PBXShellScriptBuildPhase section */

/* Begin PBXSourcesBuildPhase section */
		9681A693201A106D001D26E4 /* Sources */ = {
			isa = PBXSourcesBuildPhase;
			buildActionMask = 2147483647;
			files = (
				9681A6B2201A661C001D26E4 /* IntroVC3.swift in Sources */,
				96327C6520FD9ACA009ADD05 /* DeepLinkNavigator.swift in Sources */,
				9606C27F2024379E0035E51A /* ShadowImage.swift in Sources */,
				96602716208B00FA008382AC /* FeedVC.swift in Sources */,
				96327C6320FD99A5009ADD05 /* DeepLinks.swift in Sources */,
				9681A69B201A106D001D26E4 /* AppDelegate.swift in Sources */,
				96B44609201BC1DD00FCABA8 /* VoteVC.swift in Sources */,
				96C009072110829400FAFD5D /* TutorialVC.swift in Sources */,
				96ACA615203C8F66003081E7 /* Internet Access.swift in Sources */,
				96EB1DAA20D42D09009CCF8E /* ProfileVC1.swift in Sources */,
				96EBD32A20260B0000F38202 /* Post.swift in Sources */,
				960F88A3201F4CDB006D8326 /* DataServices.swift in Sources */,
				96D1C837216A112800DF1040 /* ViewReactions.swift in Sources */,
				9622547C201E188D00F556F1 /* ProfileVC.swift in Sources */,
				963BD4A02022222A00549A9A /* ViewBackground.swift in Sources */,
				962DA4DC208C8CF10022C644 /* TextUtility.swift in Sources */,
				961B8C2A2033F5980048FFC5 /* User.swift in Sources */,
				9681A6B4201A6627001D26E4 /* LoginVC.swift in Sources */,
				9669758A20DF990500B47DF9 /* ViewVotedPostVC.swift in Sources */,
				9617337120E62DDF004008C6 /* Status.swift in Sources */,
				963BD4A420224C3300549A9A /* PHAssetToImage.swift in Sources */,
				967CC2DC209B7D80007876D2 /* HandleSelection.swift in Sources */,
				96602718208B0177008382AC /* FeedVCCell.swift in Sources */,
				96EBD341202638B000F38202 /* GFGeoHash.m in Sources */,
				96E530632039306F006AB589 /* TermsAndCondtionsViewController.swift in Sources */,
				962DA4DA208C5B5D0022C644 /* SampleFeedVCCell.swift in Sources */,
				96F9E9BE20A7E74200C896A9 /* Extensions.swift in Sources */,
				9622547E201E193F00F556F1 /* ProfileVCCell.swift in Sources */,
				96FA1F8B202E13040062737F /* KolodaOverlay.swift in Sources */,
				96D1C839216A118600DF1040 /* ViewReactionsCell.swift in Sources */,
				96EBD340202638B000F38202 /* GFQuery.m in Sources */,
				962A3A3B20D55B2500BA5F89 /* ViewUserVC.swift in Sources */,
				96EB1DAC20D42D37009CCF8E /* ProfileVCCollectionCell.swift in Sources */,
				962B49AE20DF7041005F8468 /* VotedPostsVC.swift in Sources */,
				96EB1DAE20D43EAA009CCF8E /* ViewPostVC.swift in Sources */,
				960096C820E8CC1600E58175 /* PopVC2.swift in Sources */,
				9607DDF22105BB7E00F329C7 /* LoadImages.swift in Sources */,
				962DA4D8208C5A4D0022C644 /* SampleFeedVC.swift in Sources */,
				967BDF5B20B927EF00FD5924 /* RoundedView.swift in Sources */,
				9681A6AD201A6438001D26E4 /* IntroductionManager.swift in Sources */,
				96EBD33D202638B000F38202 /* GFBase32Utils.m in Sources */,
				9690988320E541FD0054B3E3 /* TextViewBorder.swift in Sources */,
				967BDF5F20B9501200FD5924 /* PopUpViewController.swift in Sources */,
				962A3A3D20D55B4000BA5F89 /* ViewUserPostVC.swift in Sources */,
				96EBD33F202638B000F38202 /* GFGeoHashQuery.m in Sources */,
				967BDF5D20B92A6400FD5924 /* RoundedButton.swift in Sources */,
				963BD4A22022230A00549A9A /* UploadImagesVC.swift in Sources */,
				96C009092110833300FAFD5D /* TutorialButton.swift in Sources */,
				96EBD33E202638B000F38202 /* GeoFire.m in Sources */,
				9660271A208BA040008382AC /* RoundedCorners.swift in Sources */,
				96DD2D1020382399009912EB /* ShadowImage_ProfileVC.swift in Sources */,
				963607DF20C665F300D2570B /* FeedVC1.swift in Sources */,
			);
			runOnlyForDeploymentPostprocessing = 0;
		};
/* End PBXSourcesBuildPhase section */

/* Begin PBXVariantGroup section */
		9681A69E201A106D001D26E4 /* Main.storyboard */ = {
			isa = PBXVariantGroup;
			children = (
				9681A69F201A106D001D26E4 /* Base */,
			);
			name = Main.storyboard;
			sourceTree = "<group>";
		};
		9681A6A3201A106D001D26E4 /* LaunchScreen.storyboard */ = {
			isa = PBXVariantGroup;
			children = (
				9681A6A4201A106D001D26E4 /* Base */,
			);
			name = LaunchScreen.storyboard;
			sourceTree = "<group>";
		};
/* End PBXVariantGroup section */

/* Begin XCBuildConfiguration section */
		9681A6A7201A106D001D26E4 /* Debug */ = {
			isa = XCBuildConfiguration;
			buildSettings = {
				ALWAYS_SEARCH_USER_PATHS = NO;
				CLANG_ANALYZER_NONNULL = YES;
				CLANG_ANALYZER_NUMBER_OBJECT_CONVERSION = YES_AGGRESSIVE;
				CLANG_CXX_LANGUAGE_STANDARD = "gnu++14";
				CLANG_CXX_LIBRARY = "libc++";
				CLANG_ENABLE_MODULES = YES;
				CLANG_ENABLE_OBJC_ARC = YES;
				CLANG_WARN_BLOCK_CAPTURE_AUTORELEASING = YES;
				CLANG_WARN_BOOL_CONVERSION = YES;
				CLANG_WARN_COMMA = YES;
				CLANG_WARN_CONSTANT_CONVERSION = YES;
				CLANG_WARN_DEPRECATED_OBJC_IMPLEMENTATIONS = YES;
				CLANG_WARN_DIRECT_OBJC_ISA_USAGE = YES_ERROR;
				CLANG_WARN_DOCUMENTATION_COMMENTS = YES;
				CLANG_WARN_EMPTY_BODY = YES;
				CLANG_WARN_ENUM_CONVERSION = YES;
				CLANG_WARN_INFINITE_RECURSION = YES;
				CLANG_WARN_INT_CONVERSION = YES;
				CLANG_WARN_NON_LITERAL_NULL_CONVERSION = YES;
				CLANG_WARN_OBJC_IMPLICIT_RETAIN_SELF = YES;
				CLANG_WARN_OBJC_LITERAL_CONVERSION = YES;
				CLANG_WARN_OBJC_ROOT_CLASS = YES_ERROR;
				CLANG_WARN_RANGE_LOOP_ANALYSIS = YES;
				CLANG_WARN_STRICT_PROTOTYPES = YES;
				CLANG_WARN_SUSPICIOUS_MOVE = YES;
				CLANG_WARN_UNGUARDED_AVAILABILITY = YES_AGGRESSIVE;
				CLANG_WARN_UNREACHABLE_CODE = YES;
				CLANG_WARN__DUPLICATE_METHOD_MATCH = YES;
				CODE_SIGN_IDENTITY = "iPhone Developer";
				COPY_PHASE_STRIP = NO;
				DEBUG_INFORMATION_FORMAT = dwarf;
				ENABLE_STRICT_OBJC_MSGSEND = YES;
				ENABLE_TESTABILITY = YES;
				GCC_C_LANGUAGE_STANDARD = gnu11;
				GCC_DYNAMIC_NO_PIC = NO;
				GCC_NO_COMMON_BLOCKS = YES;
				GCC_OPTIMIZATION_LEVEL = 0;
				GCC_PREPROCESSOR_DEFINITIONS = (
					"DEBUG=1",
					"$(inherited)",
				);
				GCC_WARN_64_TO_32_BIT_CONVERSION = YES;
				GCC_WARN_ABOUT_RETURN_TYPE = YES_ERROR;
				GCC_WARN_UNDECLARED_SELECTOR = YES;
				GCC_WARN_UNINITIALIZED_AUTOS = YES_AGGRESSIVE;
				GCC_WARN_UNUSED_FUNCTION = YES;
				GCC_WARN_UNUSED_VARIABLE = YES;
				IPHONEOS_DEPLOYMENT_TARGET = 11.2;
				MTL_ENABLE_DEBUG_INFO = YES;
				ONLY_ACTIVE_ARCH = YES;
				SDKROOT = iphoneos;
				SWIFT_ACTIVE_COMPILATION_CONDITIONS = DEBUG;
				SWIFT_OPTIMIZATION_LEVEL = "-Onone";
			};
			name = Debug;
		};
		9681A6A8201A106D001D26E4 /* Release */ = {
			isa = XCBuildConfiguration;
			buildSettings = {
				ALWAYS_SEARCH_USER_PATHS = NO;
				CLANG_ANALYZER_NONNULL = YES;
				CLANG_ANALYZER_NUMBER_OBJECT_CONVERSION = YES_AGGRESSIVE;
				CLANG_CXX_LANGUAGE_STANDARD = "gnu++14";
				CLANG_CXX_LIBRARY = "libc++";
				CLANG_ENABLE_MODULES = YES;
				CLANG_ENABLE_OBJC_ARC = YES;
				CLANG_WARN_BLOCK_CAPTURE_AUTORELEASING = YES;
				CLANG_WARN_BOOL_CONVERSION = YES;
				CLANG_WARN_COMMA = YES;
				CLANG_WARN_CONSTANT_CONVERSION = YES;
				CLANG_WARN_DEPRECATED_OBJC_IMPLEMENTATIONS = YES;
				CLANG_WARN_DIRECT_OBJC_ISA_USAGE = YES_ERROR;
				CLANG_WARN_DOCUMENTATION_COMMENTS = YES;
				CLANG_WARN_EMPTY_BODY = YES;
				CLANG_WARN_ENUM_CONVERSION = YES;
				CLANG_WARN_INFINITE_RECURSION = YES;
				CLANG_WARN_INT_CONVERSION = YES;
				CLANG_WARN_NON_LITERAL_NULL_CONVERSION = YES;
				CLANG_WARN_OBJC_IMPLICIT_RETAIN_SELF = YES;
				CLANG_WARN_OBJC_LITERAL_CONVERSION = YES;
				CLANG_WARN_OBJC_ROOT_CLASS = YES_ERROR;
				CLANG_WARN_RANGE_LOOP_ANALYSIS = YES;
				CLANG_WARN_STRICT_PROTOTYPES = YES;
				CLANG_WARN_SUSPICIOUS_MOVE = YES;
				CLANG_WARN_UNGUARDED_AVAILABILITY = YES_AGGRESSIVE;
				CLANG_WARN_UNREACHABLE_CODE = YES;
				CLANG_WARN__DUPLICATE_METHOD_MATCH = YES;
				CODE_SIGN_IDENTITY = "iPhone Developer";
				COPY_PHASE_STRIP = NO;
				DEBUG_INFORMATION_FORMAT = "dwarf-with-dsym";
				ENABLE_NS_ASSERTIONS = NO;
				ENABLE_STRICT_OBJC_MSGSEND = YES;
				GCC_C_LANGUAGE_STANDARD = gnu11;
				GCC_NO_COMMON_BLOCKS = YES;
				GCC_WARN_64_TO_32_BIT_CONVERSION = YES;
				GCC_WARN_ABOUT_RETURN_TYPE = YES_ERROR;
				GCC_WARN_UNDECLARED_SELECTOR = YES;
				GCC_WARN_UNINITIALIZED_AUTOS = YES_AGGRESSIVE;
				GCC_WARN_UNUSED_FUNCTION = YES;
				GCC_WARN_UNUSED_VARIABLE = YES;
				IPHONEOS_DEPLOYMENT_TARGET = 11.2;
				MTL_ENABLE_DEBUG_INFO = NO;
				SDKROOT = iphoneos;
				SWIFT_COMPILATION_MODE = wholemodule;
				SWIFT_OPTIMIZATION_LEVEL = "-O";
				VALIDATE_PRODUCT = YES;
			};
			name = Release;
		};
		9681A6AA201A106D001D26E4 /* Debug */ = {
			isa = XCBuildConfiguration;
			baseConfigurationReference = 5FB40491BE13DB10FB2B0E1C /* Pods-SnapSieve.debug.xcconfig */;
			buildSettings = {
				ASSETCATALOG_COMPILER_APPICON_NAME = "AppIcon-1";
				CODE_SIGN_ENTITLEMENTS = SnapSieve/SnapSieve.entitlements;
				CODE_SIGN_STYLE = Automatic;
				DEBUG_INFORMATION_FORMAT = "dwarf-with-dsym";
				DEVELOPMENT_TEAM = 34CBZSFQS5;
				INFOPLIST_FILE = SnapSieve/Info.plist;
				IPHONEOS_DEPLOYMENT_TARGET = 10.0;
				LD_RUNPATH_SEARCH_PATHS = (
					"$(inherited)",
					"@executable_path/Frameworks",
				);
				PRODUCT_BUNDLE_IDENTIFIER = Tejas.SnapSieve;
				PRODUCT_NAME = "$(TARGET_NAME)";
				SWIFT_OBJC_BRIDGING_HEADER = "SnapSieve/SnapSieve-Bridging-Header.h";
				SWIFT_VERSION = 4.0;
				TARGETED_DEVICE_FAMILY = 1;
			};
			name = Debug;
		};
		9681A6AB201A106D001D26E4 /* Release */ = {
			isa = XCBuildConfiguration;
			baseConfigurationReference = E01A2256A73C1B467043DD3A /* Pods-SnapSieve.release.xcconfig */;
			buildSettings = {
				ASSETCATALOG_COMPILER_APPICON_NAME = "AppIcon-1";
				CODE_SIGN_ENTITLEMENTS = SnapSieve/SnapSieve.entitlements;
				CODE_SIGN_STYLE = Automatic;
				DEVELOPMENT_TEAM = 34CBZSFQS5;
				INFOPLIST_FILE = SnapSieve/Info.plist;
				IPHONEOS_DEPLOYMENT_TARGET = 10.0;
				LD_RUNPATH_SEARCH_PATHS = (
					"$(inherited)",
					"@executable_path/Frameworks",
				);
				PRODUCT_BUNDLE_IDENTIFIER = Tejas.SnapSieve;
				PRODUCT_NAME = "$(TARGET_NAME)";
				SWIFT_OBJC_BRIDGING_HEADER = "SnapSieve/SnapSieve-Bridging-Header.h";
				SWIFT_VERSION = 4.0;
				TARGETED_DEVICE_FAMILY = 1;
			};
			name = Release;
		};
/* End XCBuildConfiguration section */

/* Begin XCConfigurationList section */
		9681A692201A106D001D26E4 /* Build configuration list for PBXProject "SnapSieve" */ = {
			isa = XCConfigurationList;
			buildConfigurations = (
				9681A6A7201A106D001D26E4 /* Debug */,
				9681A6A8201A106D001D26E4 /* Release */,
			);
			defaultConfigurationIsVisible = 0;
			defaultConfigurationName = Release;
		};
		9681A6A9201A106D001D26E4 /* Build configuration list for PBXNativeTarget "SnapSieve" */ = {
			isa = XCConfigurationList;
			buildConfigurations = (
				9681A6AA201A106D001D26E4 /* Debug */,
				9681A6AB201A106D001D26E4 /* Release */,
			);
			defaultConfigurationIsVisible = 0;
			defaultConfigurationName = Release;
		};
/* End XCConfigurationList section */
	};
	rootObject = 9681A68F201A106D001D26E4 /* Project object */;
}
